
Microsoft Visual Studio Solution File, Format Version 12.00
# Visual Studio Version 17
VisualStudioVersion = 17.8.34525.116
MinimumVisualStudioVersion = 10.0.40219.1
Project("{FAE04EC0-301F-11D3-BF4B-00C04F79EFBC}") = "Задание 7.1 Базовый", "Задание 7.1 Базовый\Задание 7.1 Базовый.csproj", "{82FD3C96-0024-4E9B-81D9-20F1CBF89EE9}"
EndProject
Global
	GlobalSection(SolutionConfigurationPlatforms) = preSolution
		Debug|Any CPU = Debug|Any CPU
		Release|Any CPU = Release|Any CPU
	EndGlobalSection
	GlobalSection(ProjectConfigurationPlatforms) = postSolution
		{82FD3C96-0024-4E9B-81D9-20F1CBF89EE9}.Debug|Any CPU.ActiveCfg = Debug|Any CPU
		{82FD3C96-0024-4E9B-81D9-20F1CBF89EE9}.Debug|Any CPU.Build.0 = Debug|Any CPU
		{82FD3C96-0024-4E9B-81D9-20F1CBF89EE9}.Release|Any CPU.ActiveCfg = Release|Any CPU
		{82FD3C96-0024-4E9B-81D9-20F1CBF89EE9}.Release|Any CPU.Build.0 = Release|Any CPU
	EndGlobalSection
	GlobalSection(SolutionProperties) = preSolution
		HideSolutionNode = FALSE
	EndGlobalSection
	GlobalSection(ExtensibilityGlobals) = postSolution
		SolutionGuid = {ABEBFF7F-B53E-44BF-94CB-33578CB85CF1}
	EndGlobalSection
EndGlobal
